
Microsoft Visual Studio Solution File, Format Version 12.00
# Visual Studio Version 17
VisualStudioVersion = 17.10.34928.147
MinimumVisualStudioVersion = 10.0.40219.1
Project("{9A19103F-16F7-4668-BE54-9A1E7A4F7556}") = "TvMazeScrapper", "TvMazeScrapper.csproj", "{9D83ACF2-DFF6-4985-B472-E432B0DDFA9C}"
EndProject
Project("{9A19103F-16F7-4668-BE54-9A1E7A4F7556}") = "TvMazeScrapper.Tests", "..\TvMazeScrapper.Tests\TvMazeScrapper.Tests.csproj", "{62F4B827-0C19-4CB3-8314-E6AFA124ECFF}"
EndProject
Global
	GlobalSection(SolutionConfigurationPlatforms) = preSolution
		Debug|Any CPU = Debug|Any CPU
		Release|Any CPU = Release|Any CPU
	EndGlobalSection
	GlobalSection(ProjectConfigurationPlatforms) = postSolution
		{9D83ACF2-DFF6-4985-B472-E432B0DDFA9C}.Debug|Any CPU.ActiveCfg = Debug|Any CPU
		{9D83ACF2-DFF6-4985-B472-E432B0DDFA9C}.Debug|Any CPU.Build.0 = Debug|Any CPU
		{9D83ACF2-DFF6-4985-B472-E432B0DDFA9C}.Release|Any CPU.ActiveCfg = Release|Any CPU
		{9D83ACF2-DFF6-4985-B472-E432B0DDFA9C}.Release|Any CPU.Build.0 = Release|Any CPU
		{62F4B827-0C19-4CB3-8314-E6AFA124ECFF}.Debug|Any CPU.ActiveCfg = Debug|Any CPU
		{62F4B827-0C19-4CB3-8314-E6AFA124ECFF}.Debug|Any CPU.Build.0 = Debug|Any CPU
		{62F4B827-0C19-4CB3-8314-E6AFA124ECFF}.Release|Any CPU.ActiveCfg = Release|Any CPU
		{62F4B827-0C19-4CB3-8314-E6AFA124ECFF}.Release|Any CPU.Build.0 = Release|Any CPU
	EndGlobalSection
	GlobalSection(SolutionProperties) = preSolution
		HideSolutionNode = FALSE
	EndGlobalSection
	GlobalSection(ExtensibilityGlobals) = postSolution
		SolutionGuid = {286BEB4A-1F42-426C-977A-9F6C1A1BAAB1}
	EndGlobalSection
EndGlobal
